{
  "version": 4,
  "terraform_version": "1.9.8",
  "serial": 184,
  "lineage": "914c3d91-3d78-189b-0eee-f47d23023945",
  "outputs": {
    "db1_local_ips": {
      "value": [
        "10.0.2.6"
      ],
      "type": [
        "tuple",
        [
          "string"
        ]
      ]
    },
    "db1_public_ips": {
      "value": [
        "52.174.3.217"
      ],
      "type": [
        "tuple",
        [
          "string"
        ]
      ]
    },
    "db2_local_ips": {
      "value": [
        "10.0.2.5"
      ],
      "type": [
        "tuple",
        [
          "string"
        ]
      ]
    },
    "db2_public_ips": {
      "value": [
        "52.166.110.210"
      ],
      "type": [
        "tuple",
        [
          "string"
        ]
      ]
    },
    "loadbalancer_ip": {
      "value": [
        "10.0.2.4"
      ],
      "type": [
        "tuple",
        [
          "string"
        ]
      ]
    },
    "web_local_ips": {
      "value": [
        "10.0.1.4"
      ],
      "type": [
        "tuple",
        [
          "string"
        ]
      ]
    },
    "web_public_ips": {
      "value": [
        "52.166.108.141"
      ],
      "type": [
        "tuple",
        [
          "string"
        ]
      ]
    }
  },
  "resources": [
    {
      "mode": "managed",
      "type": "azurerm_resource_group",
      "name": "main",
      "provider": "provider[\"registry.terraform.io/hashicorp/azurerm\"]",
      "instances": [
        {
          "schema_version": 0,
          "attributes": {
            "id": "/subscriptions/89fff956-c969-418e-aee9-1c6424ecbb1c/resourceGroups/elli-test1",
            "location": "westeurope",
            "managed_by": "",
            "name": "elli-test1",
            "tags": {},
            "timeouts": null
          },
          "sensitive_attributes": [],
          "private": "eyJlMmJmYjczMC1lY2FhLTExZTYtOGY4OC0zNDM2M2JjN2M0YzAiOnsiY3JlYXRlIjo1NDAwMDAwMDAwMDAwLCJkZWxldGUiOjU0MDAwMDAwMDAwMDAsInJlYWQiOjMwMDAwMDAwMDAwMCwidXBkYXRlIjo1NDAwMDAwMDAwMDAwfSwic2NoZW1hX3ZlcnNpb24iOiIwIn0="
        }
      ]
    },
    {
      "module": "module.db_vm1",
      "mode": "managed",
      "type": "azurerm_linux_virtual_machine",
      "name": "vm",
      "provider": "provider[\"registry.terraform.io/hashicorp/azurerm\"]",
      "instances": [
        {
          "index_key": 0,
          "schema_version": 0,
          "attributes": {
            "additional_capabilities": [],
            "admin_password": "CiAdm@1234",
            "admin_ssh_key": [],
            "admin_username": "azureadmin",
            "allow_extension_operations": true,
            "availability_set_id": "",
            "boot_diagnostics": [],
            "bypass_platform_safety_checks_on_user_schedule_enabled": false,
            "capacity_reservation_group_id": "",
            "computer_name": "db1-vm-0",
            "custom_data": null,
            "dedicated_host_group_id": "",
            "dedicated_host_id": "",
            "disable_password_authentication": false,
            "disk_controller_type": "SCSI",
            "edge_zone": "",
            "encryption_at_host_enabled": false,
            "eviction_policy": "",
            "extensions_time_budget": "PT1H30M",
            "gallery_application": [],
            "id": "/subscriptions/89fff956-c969-418e-aee9-1c6424ecbb1c/resourceGroups/elli-test1/providers/Microsoft.Compute/virtualMachines/db1-vm-0",
            "identity": [],
            "license_type": "",
            "location": "westeurope",
            "max_bid_price": -1,
            "name": "db1-vm-0",
            "network_interface_ids": [
              "/subscriptions/89fff956-c969-418e-aee9-1c6424ecbb1c/resourceGroups/elli-test1/providers/Microsoft.Network/networkInterfaces/db1-nic"
            ],
            "os_disk": [
              {
                "caching": "ReadWrite",
                "diff_disk_settings": [],
                "disk_encryption_set_id": "",
                "disk_size_gb": 30,
                "name": "osdisk-db1-vm-0",
                "secure_vm_disk_encryption_set_id": "",
                "security_encryption_type": "",
                "storage_account_type": "Standard_LRS",
                "write_accelerator_enabled": false
              }
            ],
            "os_image_notification": [],
            "patch_assessment_mode": "ImageDefault",
            "patch_mode": "ImageDefault",
            "plan": [],
            "platform_fault_domain": -1,
            "priority": "Regular",
            "private_ip_address": "10.0.2.6",
            "private_ip_addresses": [
              "10.0.2.6"
            ],
            "provision_vm_agent": true,
            "proximity_placement_group_id": "",
            "public_ip_address": "52.174.3.217",
            "public_ip_addresses": [
              "52.174.3.217"
            ],
            "reboot_setting": "",
            "resource_group_name": "elli-test1",
            "secret": [],
            "secure_boot_enabled": false,
            "size": "Standard_DS1_v2",
            "source_image_id": "",
            "source_image_reference": [
              {
                "offer": "UbuntuServer",
                "publisher": "Canonical",
                "sku": "18_04-daily-lts-gen2",
                "version": "latest"
              }
            ],
            "tags": null,
            "termination_notification": null,
            "timeouts": null,
            "user_data": "",
            "virtual_machine_id": "d4d870f2-a38a-40fc-bfa4-79e94f713eb3",
            "virtual_machine_scale_set_id": "",
            "vm_agent_platform_updates_enabled": false,
            "vtpm_enabled": false,
            "zone": ""
          },
          "sensitive_attributes": [
            [
              {
                "type": "get_attr",
                "value": "admin_password"
              }
            ],
            [
              {
                "type": "get_attr",
                "value": "custom_data"
              }
            ]
          ],
          "private": "eyJlMmJmYjczMC1lY2FhLTExZTYtOGY4OC0zNDM2M2JjN2M0YzAiOnsiY3JlYXRlIjoyNzAwMDAwMDAwMDAwLCJkZWxldGUiOjI3MDAwMDAwMDAwMDAsInJlYWQiOjMwMDAwMDAwMDAwMCwidXBkYXRlIjoyNzAwMDAwMDAwMDAwfX0=",
          "dependencies": [
            "module.network.azurerm_network_interface.db1",
            "module.network.azurerm_public_ip.db1",
            "module.network.azurerm_subnet.db",
            "module.network.azurerm_virtual_network.main"
          ]
        }
      ]
    },
    {
      "module": "module.db_vm2",
      "mode": "managed",
      "type": "azurerm_linux_virtual_machine",
      "name": "vm",
      "provider": "provider[\"registry.terraform.io/hashicorp/azurerm\"]",
      "instances": [
        {
          "index_key": 0,
          "schema_version": 0,
          "attributes": {
            "additional_capabilities": [],
            "admin_password": "CiAdm@1234",
            "admin_ssh_key": [],
            "admin_username": "azureadmin",
            "allow_extension_operations": true,
            "availability_set_id": "",
            "boot_diagnostics": [],
            "bypass_platform_safety_checks_on_user_schedule_enabled": false,
            "capacity_reservation_group_id": "",
            "computer_name": "db2-vm-0",
            "custom_data": null,
            "dedicated_host_group_id": "",
            "dedicated_host_id": "",
            "disable_password_authentication": false,
            "disk_controller_type": "SCSI",
            "edge_zone": "",
            "encryption_at_host_enabled": false,
            "eviction_policy": "",
            "extensions_time_budget": "PT1H30M",
            "gallery_application": [],
            "id": "/subscriptions/89fff956-c969-418e-aee9-1c6424ecbb1c/resourceGroups/elli-test1/providers/Microsoft.Compute/virtualMachines/db2-vm-0",
            "identity": [],
            "license_type": "",
            "location": "westeurope",
            "max_bid_price": -1,
            "name": "db2-vm-0",
            "network_interface_ids": [
              "/subscriptions/89fff956-c969-418e-aee9-1c6424ecbb1c/resourceGroups/elli-test1/providers/Microsoft.Network/networkInterfaces/db2-nic"
            ],
            "os_disk": [
              {
                "caching": "ReadWrite",
                "diff_disk_settings": [],
                "disk_encryption_set_id": "",
                "disk_size_gb": 30,
                "name": "osdisk-db2-vm-0",
                "secure_vm_disk_encryption_set_id": "",
                "security_encryption_type": "",
                "storage_account_type": "Standard_LRS",
                "write_accelerator_enabled": false
              }
            ],
            "os_image_notification": [],
            "patch_assessment_mode": "ImageDefault",
            "patch_mode": "ImageDefault",
            "plan": [],
            "platform_fault_domain": -1,
            "priority": "Regular",
            "private_ip_address": "10.0.2.5",
            "private_ip_addresses": [
              "10.0.2.5"
            ],
            "provision_vm_agent": true,
            "proximity_placement_group_id": "",
            "public_ip_address": "52.166.110.210",
            "public_ip_addresses": [
              "52.166.110.210"
            ],
            "reboot_setting": "",
            "resource_group_name": "elli-test1",
            "secret": [],
            "secure_boot_enabled": false,
            "size": "Standard_DS1_v2",
            "source_image_id": "",
            "source_image_reference": [
              {
                "offer": "UbuntuServer",
                "publisher": "Canonical",
                "sku": "18_04-daily-lts-gen2",
                "version": "latest"
              }
            ],
            "tags": null,
            "termination_notification": null,
            "timeouts": null,
            "user_data": "",
            "virtual_machine_id": "dfa7e74f-e753-4d1b-a99c-2ea361e9c91a",
            "virtual_machine_scale_set_id": "",
            "vm_agent_platform_updates_enabled": false,
            "vtpm_enabled": false,
            "zone": ""
          },
          "sensitive_attributes": [
            [
              {
                "type": "get_attr",
                "value": "custom_data"
              }
            ],
            [
              {
                "type": "get_attr",
                "value": "admin_password"
              }
            ]
          ],
          "private": "eyJlMmJmYjczMC1lY2FhLTExZTYtOGY4OC0zNDM2M2JjN2M0YzAiOnsiY3JlYXRlIjoyNzAwMDAwMDAwMDAwLCJkZWxldGUiOjI3MDAwMDAwMDAwMDAsInJlYWQiOjMwMDAwMDAwMDAwMCwidXBkYXRlIjoyNzAwMDAwMDAwMDAwfX0=",
          "dependencies": [
            "module.network.azurerm_network_interface.db2",
            "module.network.azurerm_public_ip.db2",
            "module.network.azurerm_subnet.db",
            "module.network.azurerm_virtual_network.main"
          ]
        }
      ]
    },
    {
      "module": "module.load_balancer",
      "mode": "managed",
      "type": "azurerm_lb",
      "name": "main",
      "provider": "provider[\"registry.terraform.io/hashicorp/azurerm\"]",
      "instances": [
        {
          "schema_version": 0,
          "attributes": {
            "edge_zone": "",
            "frontend_ip_configuration": [
              {
                "gateway_load_balancer_frontend_ip_configuration_id": "",
                "id": "/subscriptions/89fff956-c969-418e-aee9-1c6424ecbb1c/resourceGroups/elli-test1/providers/Microsoft.Network/loadBalancers/db-loadbalancer/frontendIPConfigurations/frontend",
                "inbound_nat_rules": [],
                "load_balancer_rules": [],
                "name": "frontend",
                "outbound_rules": [],
                "private_ip_address": "10.0.2.4",
                "private_ip_address_allocation": "Dynamic",
                "private_ip_address_version": "IPv4",
                "public_ip_address_id": "",
                "public_ip_prefix_id": "",
                "subnet_id": "/subscriptions/89fff956-c969-418e-aee9-1c6424ecbb1c/resourceGroups/elli-test1/providers/Microsoft.Network/virtualNetworks/vnet/subnets/db-subnet",
                "zones": null
              }
            ],
            "id": "/subscriptions/89fff956-c969-418e-aee9-1c6424ecbb1c/resourceGroups/elli-test1/providers/Microsoft.Network/loadBalancers/db-loadbalancer",
            "location": "westeurope",
            "name": "db-loadbalancer",
            "private_ip_address": "10.0.2.4",
            "private_ip_addresses": [
              "10.0.2.4"
            ],
            "resource_group_name": "elli-test1",
            "sku": "Standard",
            "sku_tier": "Regional",
            "tags": null,
            "timeouts": null
          },
          "sensitive_attributes": [],
          "private": "eyJlMmJmYjczMC1lY2FhLTExZTYtOGY4OC0zNDM2M2JjN2M0YzAiOnsiY3JlYXRlIjoxODAwMDAwMDAwMDAwLCJkZWxldGUiOjE4MDAwMDAwMDAwMDAsInJlYWQiOjMwMDAwMDAwMDAwMCwidXBkYXRlIjoxODAwMDAwMDAwMDAwfX0=",
          "dependencies": [
            "module.network.azurerm_subnet.db",
            "module.network.azurerm_virtual_network.main"
          ]
        }
      ]
    },
    {
      "module": "module.load_balancer",
      "mode": "managed",
      "type": "azurerm_lb_backend_address_pool",
      "name": "main",
      "provider": "provider[\"registry.terraform.io/hashicorp/azurerm\"]",
      "instances": [
        {
          "schema_version": 0,
          "attributes": {
            "backend_ip_configurations": [],
            "id": "/subscriptions/89fff956-c969-418e-aee9-1c6424ecbb1c/resourceGroups/elli-test1/providers/Microsoft.Network/loadBalancers/db-loadbalancer/backendAddressPools/db-backend-pool",
            "inbound_nat_rules": [],
            "load_balancing_rules": [],
            "loadbalancer_id": "/subscriptions/89fff956-c969-418e-aee9-1c6424ecbb1c/resourceGroups/elli-test1/providers/Microsoft.Network/loadBalancers/db-loadbalancer",
            "name": "db-backend-pool",
            "outbound_rules": [],
            "synchronous_mode": "",
            "timeouts": null,
            "tunnel_interface": [],
            "virtual_network_id": ""
          },
          "sensitive_attributes": [],
          "private": "eyJlMmJmYjczMC1lY2FhLTExZTYtOGY4OC0zNDM2M2JjN2M0YzAiOnsiY3JlYXRlIjoxODAwMDAwMDAwMDAwLCJkZWxldGUiOjE4MDAwMDAwMDAwMDAsInJlYWQiOjMwMDAwMDAwMDAwMCwidXBkYXRlIjoxODAwMDAwMDAwMDAwfX0=",
          "dependencies": [
            "module.load_balancer.azurerm_lb.main",
            "module.network.azurerm_subnet.db",
            "module.network.azurerm_virtual_network.main"
          ]
        }
      ]
    },
    {
      "module": "module.load_balancer",
      "mode": "managed",
      "type": "azurerm_lb_probe",
      "name": "main",
      "provider": "provider[\"registry.terraform.io/hashicorp/azurerm\"]",
      "instances": [
        {
          "schema_version": 0,
          "attributes": {
            "id": "/subscriptions/89fff956-c969-418e-aee9-1c6424ecbb1c/resourceGroups/elli-test1/providers/Microsoft.Network/loadBalancers/db-loadbalancer/probes/db-health-probe",
            "interval_in_seconds": 15,
            "load_balancer_rules": [],
            "loadbalancer_id": "/subscriptions/89fff956-c969-418e-aee9-1c6424ecbb1c/resourceGroups/elli-test1/providers/Microsoft.Network/loadBalancers/db-loadbalancer",
            "name": "db-health-probe",
            "number_of_probes": 2,
            "port": 5432,
            "probe_threshold": 1,
            "protocol": "Tcp",
            "request_path": "",
            "timeouts": null
          },
          "sensitive_attributes": [],
          "private": "eyJlMmJmYjczMC1lY2FhLTExZTYtOGY4OC0zNDM2M2JjN2M0YzAiOnsiY3JlYXRlIjoxODAwMDAwMDAwMDAwLCJkZWxldGUiOjE4MDAwMDAwMDAwMDAsInJlYWQiOjMwMDAwMDAwMDAwMCwidXBkYXRlIjoxODAwMDAwMDAwMDAwfX0=",
          "dependencies": [
            "module.load_balancer.azurerm_lb.main",
            "module.network.azurerm_subnet.db",
            "module.network.azurerm_virtual_network.main"
          ]
        }
      ]
    },
    {
      "module": "module.load_balancer",
      "mode": "managed",
      "type": "azurerm_lb_rule",
      "name": "main",
      "provider": "provider[\"registry.terraform.io/hashicorp/azurerm\"]",
      "instances": [
        {
          "schema_version": 0,
          "attributes": {
            "backend_address_pool_ids": [
              "/subscriptions/89fff956-c969-418e-aee9-1c6424ecbb1c/resourceGroups/elli-test1/providers/Microsoft.Network/loadBalancers/db-loadbalancer/backendAddressPools/db-backend-pool"
            ],
            "backend_port": 5432,
            "disable_outbound_snat": false,
            "enable_floating_ip": false,
            "enable_tcp_reset": false,
            "frontend_ip_configuration_id": "/subscriptions/89fff956-c969-418e-aee9-1c6424ecbb1c/resourceGroups/elli-test1/providers/Microsoft.Network/loadBalancers/db-loadbalancer/frontendIPConfigurations/frontend",
            "frontend_ip_configuration_name": "frontend",
            "frontend_port": 5432,
            "id": "/subscriptions/89fff956-c969-418e-aee9-1c6424ecbb1c/resourceGroups/elli-test1/providers/Microsoft.Network/loadBalancers/db-loadbalancer/loadBalancingRules/db-lb-rule",
            "idle_timeout_in_minutes": 4,
            "load_distribution": "Default",
            "loadbalancer_id": "/subscriptions/89fff956-c969-418e-aee9-1c6424ecbb1c/resourceGroups/elli-test1/providers/Microsoft.Network/loadBalancers/db-loadbalancer",
            "name": "db-lb-rule",
            "probe_id": "/subscriptions/89fff956-c969-418e-aee9-1c6424ecbb1c/resourceGroups/elli-test1/providers/Microsoft.Network/loadBalancers/db-loadbalancer/probes/db-health-probe",
            "protocol": "Tcp",
            "timeouts": null
          },
          "sensitive_attributes": [],
          "private": "eyJlMmJmYjczMC1lY2FhLTExZTYtOGY4OC0zNDM2M2JjN2M0YzAiOnsiY3JlYXRlIjoxODAwMDAwMDAwMDAwLCJkZWxldGUiOjE4MDAwMDAwMDAwMDAsInJlYWQiOjMwMDAwMDAwMDAwMCwidXBkYXRlIjoxODAwMDAwMDAwMDAwfX0=",
          "dependencies": [
            "module.load_balancer.azurerm_lb.main",
            "module.load_balancer.azurerm_lb_backend_address_pool.main",
            "module.load_balancer.azurerm_lb_probe.main",
            "module.network.azurerm_subnet.db",
            "module.network.azurerm_virtual_network.main"
          ]
        }
      ]
    },
    {
      "module": "module.load_balancer",
      "mode": "managed",
      "type": "azurerm_network_interface_backend_address_pool_association",
      "name": "db1",
      "provider": "provider[\"registry.terraform.io/hashicorp/azurerm\"]",
      "instances": [
        {
          "schema_version": 0,
          "attributes": {
            "backend_address_pool_id": "/subscriptions/89fff956-c969-418e-aee9-1c6424ecbb1c/resourceGroups/elli-test1/providers/Microsoft.Network/loadBalancers/db-loadbalancer/backendAddressPools/db-backend-pool",
            "id": "/subscriptions/89fff956-c969-418e-aee9-1c6424ecbb1c/resourceGroups/elli-test1/providers/Microsoft.Network/networkInterfaces/db1-nic/ipConfigurations/db1-ip-config|/subscriptions/89fff956-c969-418e-aee9-1c6424ecbb1c/resourceGroups/elli-test1/providers/Microsoft.Network/loadBalancers/db-loadbalancer/backendAddressPools/db-backend-pool",
            "ip_configuration_name": "db1-ip-config",
            "network_interface_id": "/subscriptions/89fff956-c969-418e-aee9-1c6424ecbb1c/resourceGroups/elli-test1/providers/Microsoft.Network/networkInterfaces/db1-nic",
            "timeouts": null
          },
          "sensitive_attributes": [],
          "private": "eyJlMmJmYjczMC1lY2FhLTExZTYtOGY4OC0zNDM2M2JjN2M0YzAiOnsiY3JlYXRlIjoxODAwMDAwMDAwMDAwLCJkZWxldGUiOjE4MDAwMDAwMDAwMDAsInJlYWQiOjMwMDAwMDAwMDAwMH19",
          "dependencies": [
            "module.load_balancer.azurerm_lb.main",
            "module.load_balancer.azurerm_lb_backend_address_pool.main",
            "module.network.azurerm_network_interface.db1",
            "module.network.azurerm_public_ip.db1",
            "module.network.azurerm_subnet.db",
            "module.network.azurerm_virtual_network.main"
          ]
        }
      ]
    },
    {
      "module": "module.load_balancer",
      "mode": "managed",
      "type": "azurerm_network_interface_backend_address_pool_association",
      "name": "db2",
      "provider": "provider[\"registry.terraform.io/hashicorp/azurerm\"]",
      "instances": [
        {
          "schema_version": 0,
          "attributes": {
            "backend_address_pool_id": "/subscriptions/89fff956-c969-418e-aee9-1c6424ecbb1c/resourceGroups/elli-test1/providers/Microsoft.Network/loadBalancers/db-loadbalancer/backendAddressPools/db-backend-pool",
            "id": "/subscriptions/89fff956-c969-418e-aee9-1c6424ecbb1c/resourceGroups/elli-test1/providers/Microsoft.Network/networkInterfaces/db2-nic/ipConfigurations/db2-ip-config|/subscriptions/89fff956-c969-418e-aee9-1c6424ecbb1c/resourceGroups/elli-test1/providers/Microsoft.Network/loadBalancers/db-loadbalancer/backendAddressPools/db-backend-pool",
            "ip_configuration_name": "db2-ip-config",
            "network_interface_id": "/subscriptions/89fff956-c969-418e-aee9-1c6424ecbb1c/resourceGroups/elli-test1/providers/Microsoft.Network/networkInterfaces/db2-nic",
            "timeouts": null
          },
          "sensitive_attributes": [],
          "private": "eyJlMmJmYjczMC1lY2FhLTExZTYtOGY4OC0zNDM2M2JjN2M0YzAiOnsiY3JlYXRlIjoxODAwMDAwMDAwMDAwLCJkZWxldGUiOjE4MDAwMDAwMDAwMDAsInJlYWQiOjMwMDAwMDAwMDAwMH19",
          "dependencies": [
            "module.load_balancer.azurerm_lb.main",
            "module.load_balancer.azurerm_lb_backend_address_pool.main",
            "module.network.azurerm_network_interface.db2",
            "module.network.azurerm_public_ip.db2",
            "module.network.azurerm_subnet.db",
            "module.network.azurerm_virtual_network.main"
          ]
        }
      ]
    },
    {
      "module": "module.network",
      "mode": "managed",
      "type": "azurerm_network_interface",
      "name": "db1",
      "provider": "provider[\"registry.terraform.io/hashicorp/azurerm\"]",
      "instances": [
        {
          "schema_version": 0,
          "attributes": {
            "accelerated_networking_enabled": false,
            "applied_dns_servers": [],
            "auxiliary_mode": "",
            "auxiliary_sku": "",
            "dns_servers": [],
            "edge_zone": "",
            "enable_accelerated_networking": false,
            "enable_ip_forwarding": false,
            "id": "/subscriptions/89fff956-c969-418e-aee9-1c6424ecbb1c/resourceGroups/elli-test1/providers/Microsoft.Network/networkInterfaces/db1-nic",
            "internal_dns_name_label": "",
            "internal_domain_name_suffix": "vxpma0qrcyaebbtkh5ukqq2m1d.ax.internal.cloudapp.net",
            "ip_configuration": [
              {
                "gateway_load_balancer_frontend_ip_configuration_id": "",
                "name": "db1-ip-config",
                "primary": true,
                "private_ip_address": "10.0.2.6",
                "private_ip_address_allocation": "Dynamic",
                "private_ip_address_version": "IPv4",
                "public_ip_address_id": "/subscriptions/89fff956-c969-418e-aee9-1c6424ecbb1c/resourceGroups/elli-test1/providers/Microsoft.Network/publicIPAddresses/db1-public-ip",
                "subnet_id": "/subscriptions/89fff956-c969-418e-aee9-1c6424ecbb1c/resourceGroups/elli-test1/providers/Microsoft.Network/virtualNetworks/vnet/subnets/db-subnet"
              }
            ],
            "ip_forwarding_enabled": false,
            "location": "westeurope",
            "mac_address": "",
            "name": "db1-nic",
            "private_ip_address": "10.0.2.6",
            "private_ip_addresses": [
              "10.0.2.6"
            ],
            "resource_group_name": "elli-test1",
            "tags": null,
            "timeouts": null,
            "virtual_machine_id": ""
          },
          "sensitive_attributes": [],
          "private": "eyJlMmJmYjczMC1lY2FhLTExZTYtOGY4OC0zNDM2M2JjN2M0YzAiOnsiY3JlYXRlIjoxODAwMDAwMDAwMDAwLCJkZWxldGUiOjE4MDAwMDAwMDAwMDAsInJlYWQiOjMwMDAwMDAwMDAwMCwidXBkYXRlIjoxODAwMDAwMDAwMDAwfX0=",
          "dependencies": [
            "module.network.azurerm_public_ip.db1",
            "module.network.azurerm_subnet.db",
            "module.network.azurerm_virtual_network.main"
          ]
        }
      ]
    },
    {
      "module": "module.network",
      "mode": "managed",
      "type": "azurerm_network_interface",
      "name": "db2",
      "provider": "provider[\"registry.terraform.io/hashicorp/azurerm\"]",
      "instances": [
        {
          "schema_version": 0,
          "attributes": {
            "accelerated_networking_enabled": false,
            "applied_dns_servers": [],
            "auxiliary_mode": "",
            "auxiliary_sku": "",
            "dns_servers": [],
            "edge_zone": "",
            "enable_accelerated_networking": false,
            "enable_ip_forwarding": false,
            "id": "/subscriptions/89fff956-c969-418e-aee9-1c6424ecbb1c/resourceGroups/elli-test1/providers/Microsoft.Network/networkInterfaces/db2-nic",
            "internal_dns_name_label": "",
            "internal_domain_name_suffix": "vxpma0qrcyaebbtkh5ukqq2m1d.ax.internal.cloudapp.net",
            "ip_configuration": [
              {
                "gateway_load_balancer_frontend_ip_configuration_id": "",
                "name": "db2-ip-config",
                "primary": true,
                "private_ip_address": "10.0.2.5",
                "private_ip_address_allocation": "Dynamic",
                "private_ip_address_version": "IPv4",
                "public_ip_address_id": "/subscriptions/89fff956-c969-418e-aee9-1c6424ecbb1c/resourceGroups/elli-test1/providers/Microsoft.Network/publicIPAddresses/lb-public-ip",
                "subnet_id": "/subscriptions/89fff956-c969-418e-aee9-1c6424ecbb1c/resourceGroups/elli-test1/providers/Microsoft.Network/virtualNetworks/vnet/subnets/db-subnet"
              }
            ],
            "ip_forwarding_enabled": false,
            "location": "westeurope",
            "mac_address": "",
            "name": "db2-nic",
            "private_ip_address": "10.0.2.5",
            "private_ip_addresses": [
              "10.0.2.5"
            ],
            "resource_group_name": "elli-test1",
            "tags": null,
            "timeouts": null,
            "virtual_machine_id": ""
          },
          "sensitive_attributes": [],
          "private": "eyJlMmJmYjczMC1lY2FhLTExZTYtOGY4OC0zNDM2M2JjN2M0YzAiOnsiY3JlYXRlIjoxODAwMDAwMDAwMDAwLCJkZWxldGUiOjE4MDAwMDAwMDAwMDAsInJlYWQiOjMwMDAwMDAwMDAwMCwidXBkYXRlIjoxODAwMDAwMDAwMDAwfX0=",
          "dependencies": [
            "module.network.azurerm_public_ip.db2",
            "module.network.azurerm_subnet.db",
            "module.network.azurerm_virtual_network.main"
          ]
        }
      ]
    },
    {
      "module": "module.network",
      "mode": "managed",
      "type": "azurerm_network_interface",
      "name": "web",
      "provider": "provider[\"registry.terraform.io/hashicorp/azurerm\"]",
      "instances": [
        {
          "schema_version": 0,
          "attributes": {
            "accelerated_networking_enabled": false,
            "applied_dns_servers": [],
            "auxiliary_mode": "",
            "auxiliary_sku": "",
            "dns_servers": [],
            "edge_zone": "",
            "enable_accelerated_networking": false,
            "enable_ip_forwarding": false,
            "id": "/subscriptions/89fff956-c969-418e-aee9-1c6424ecbb1c/resourceGroups/elli-test1/providers/Microsoft.Network/networkInterfaces/web",
            "internal_dns_name_label": "",
            "internal_domain_name_suffix": "vxpma0qrcyaebbtkh5ukqq2m1d.ax.internal.cloudapp.net",
            "ip_configuration": [
              {
                "gateway_load_balancer_frontend_ip_configuration_id": "",
                "name": "web-ip-config",
                "primary": true,
                "private_ip_address": "10.0.1.4",
                "private_ip_address_allocation": "Dynamic",
                "private_ip_address_version": "IPv4",
                "public_ip_address_id": "/subscriptions/89fff956-c969-418e-aee9-1c6424ecbb1c/resourceGroups/elli-test1/providers/Microsoft.Network/publicIPAddresses/web-nic-public-ip",
                "subnet_id": "/subscriptions/89fff956-c969-418e-aee9-1c6424ecbb1c/resourceGroups/elli-test1/providers/Microsoft.Network/virtualNetworks/vnet/subnets/web-subnet"
              }
            ],
            "ip_forwarding_enabled": false,
            "location": "westeurope",
            "mac_address": "",
            "name": "web",
            "private_ip_address": "10.0.1.4",
            "private_ip_addresses": [
              "10.0.1.4"
            ],
            "resource_group_name": "elli-test1",
            "tags": null,
            "timeouts": null,
            "virtual_machine_id": ""
          },
          "sensitive_attributes": [],
          "private": "eyJlMmJmYjczMC1lY2FhLTExZTYtOGY4OC0zNDM2M2JjN2M0YzAiOnsiY3JlYXRlIjoxODAwMDAwMDAwMDAwLCJkZWxldGUiOjE4MDAwMDAwMDAwMDAsInJlYWQiOjMwMDAwMDAwMDAwMCwidXBkYXRlIjoxODAwMDAwMDAwMDAwfX0=",
          "dependencies": [
            "module.network.azurerm_public_ip.web_nic",
            "module.network.azurerm_subnet.web",
            "module.network.azurerm_virtual_network.main"
          ]
        }
      ]
    },
    {
      "module": "module.network",
      "mode": "managed",
      "type": "azurerm_network_security_group",
      "name": "db_nsg",
      "provider": "provider[\"registry.terraform.io/hashicorp/azurerm\"]",
      "instances": [
        {
          "schema_version": 0,
          "attributes": {
            "id": "/subscriptions/89fff956-c969-418e-aee9-1c6424ecbb1c/resourceGroups/elli-test1/providers/Microsoft.Network/networkSecurityGroups/db-nsg",
            "location": "westeurope",
            "name": "db-nsg",
            "resource_group_name": "elli-test1",
            "security_rule": [
              {
                "access": "Allow",
                "description": "",
                "destination_address_prefix": "*",
                "destination_address_prefixes": [],
                "destination_application_security_group_ids": [],
                "destination_port_range": "*",
                "destination_port_ranges": [],
                "direction": "Inbound",
                "name": "AllowPostgreSQL",
                "priority": 100,
                "protocol": "*",
                "source_address_prefix": "*",
                "source_address_prefixes": [],
                "source_application_security_group_ids": [],
                "source_port_range": "*",
                "source_port_ranges": []
              }
            ],
            "tags": null,
            "timeouts": null
          },
          "sensitive_attributes": [],
          "private": "eyJlMmJmYjczMC1lY2FhLTExZTYtOGY4OC0zNDM2M2JjN2M0YzAiOnsiY3JlYXRlIjoxODAwMDAwMDAwMDAwLCJkZWxldGUiOjE4MDAwMDAwMDAwMDAsInJlYWQiOjMwMDAwMDAwMDAwMCwidXBkYXRlIjoxODAwMDAwMDAwMDAwfX0="
        }
      ]
    },
    {
      "module": "module.network",
      "mode": "managed",
      "type": "azurerm_network_security_group",
      "name": "web_nsg",
      "provider": "provider[\"registry.terraform.io/hashicorp/azurerm\"]",
      "instances": [
        {
          "schema_version": 0,
          "attributes": {
            "id": "/subscriptions/89fff956-c969-418e-aee9-1c6424ecbb1c/resourceGroups/elli-test1/providers/Microsoft.Network/networkSecurityGroups/web-nsg",
            "location": "westeurope",
            "name": "web-nsg",
            "resource_group_name": "elli-test1",
            "security_rule": [
              {
                "access": "Allow",
                "description": "",
                "destination_address_prefix": "*",
                "destination_address_prefixes": [],
                "destination_application_security_group_ids": [],
                "destination_port_range": "*",
                "destination_port_ranges": [],
                "direction": "Inbound",
                "name": "all",
                "priority": 100,
                "protocol": "*",
                "source_address_prefix": "*",
                "source_address_prefixes": [],
                "source_application_security_group_ids": [],
                "source_port_range": "*",
                "source_port_ranges": []
              }
            ],
            "tags": null,
            "timeouts": null
          },
          "sensitive_attributes": [],
          "private": "eyJlMmJmYjczMC1lY2FhLTExZTYtOGY4OC0zNDM2M2JjN2M0YzAiOnsiY3JlYXRlIjoxODAwMDAwMDAwMDAwLCJkZWxldGUiOjE4MDAwMDAwMDAwMDAsInJlYWQiOjMwMDAwMDAwMDAwMCwidXBkYXRlIjoxODAwMDAwMDAwMDAwfX0="
        }
      ]
    },
    {
      "module": "module.network",
      "mode": "managed",
      "type": "azurerm_public_ip",
      "name": "db1",
      "provider": "provider[\"registry.terraform.io/hashicorp/azurerm\"]",
      "instances": [
        {
          "schema_version": 0,
          "attributes": {
            "allocation_method": "Static",
            "ddos_protection_mode": "VirtualNetworkInherited",
            "ddos_protection_plan_id": null,
            "domain_name_label": null,
            "edge_zone": "",
            "fqdn": null,
            "id": "/subscriptions/89fff956-c969-418e-aee9-1c6424ecbb1c/resourceGroups/elli-test1/providers/Microsoft.Network/publicIPAddresses/db1-public-ip",
            "idle_timeout_in_minutes": 4,
            "ip_address": "52.174.3.217",
            "ip_tags": null,
            "ip_version": "IPv4",
            "location": "westeurope",
            "name": "db1-public-ip",
            "public_ip_prefix_id": null,
            "resource_group_name": "elli-test1",
            "reverse_fqdn": null,
            "sku": "Standard",
            "sku_tier": "Regional",
            "tags": null,
            "timeouts": null,
            "zones": null
          },
          "sensitive_attributes": [],
          "private": "eyJlMmJmYjczMC1lY2FhLTExZTYtOGY4OC0zNDM2M2JjN2M0YzAiOnsiY3JlYXRlIjoxODAwMDAwMDAwMDAwLCJkZWxldGUiOjE4MDAwMDAwMDAwMDAsInJlYWQiOjMwMDAwMDAwMDAwMCwidXBkYXRlIjoxODAwMDAwMDAwMDAwfX0="
        }
      ]
    },
    {
      "module": "module.network",
      "mode": "managed",
      "type": "azurerm_public_ip",
      "name": "db2",
      "provider": "provider[\"registry.terraform.io/hashicorp/azurerm\"]",
      "instances": [
        {
          "schema_version": 0,
          "attributes": {
            "allocation_method": "Static",
            "ddos_protection_mode": "VirtualNetworkInherited",
            "ddos_protection_plan_id": null,
            "domain_name_label": null,
            "edge_zone": "",
            "fqdn": null,
            "id": "/subscriptions/89fff956-c969-418e-aee9-1c6424ecbb1c/resourceGroups/elli-test1/providers/Microsoft.Network/publicIPAddresses/lb-public-ip",
            "idle_timeout_in_minutes": 4,
            "ip_address": "52.166.110.210",
            "ip_tags": null,
            "ip_version": "IPv4",
            "location": "westeurope",
            "name": "lb-public-ip",
            "public_ip_prefix_id": null,
            "resource_group_name": "elli-test1",
            "reverse_fqdn": null,
            "sku": "Standard",
            "sku_tier": "Regional",
            "tags": null,
            "timeouts": null,
            "zones": null
          },
          "sensitive_attributes": [],
          "private": "eyJlMmJmYjczMC1lY2FhLTExZTYtOGY4OC0zNDM2M2JjN2M0YzAiOnsiY3JlYXRlIjoxODAwMDAwMDAwMDAwLCJkZWxldGUiOjE4MDAwMDAwMDAwMDAsInJlYWQiOjMwMDAwMDAwMDAwMCwidXBkYXRlIjoxODAwMDAwMDAwMDAwfX0="
        }
      ]
    },
    {
      "module": "module.network",
      "mode": "managed",
      "type": "azurerm_public_ip",
      "name": "web_nic",
      "provider": "provider[\"registry.terraform.io/hashicorp/azurerm\"]",
      "instances": [
        {
          "schema_version": 0,
          "attributes": {
            "allocation_method": "Static",
            "ddos_protection_mode": "VirtualNetworkInherited",
            "ddos_protection_plan_id": null,
            "domain_name_label": null,
            "edge_zone": "",
            "fqdn": null,
            "id": "/subscriptions/89fff956-c969-418e-aee9-1c6424ecbb1c/resourceGroups/elli-test1/providers/Microsoft.Network/publicIPAddresses/web-nic-public-ip",
            "idle_timeout_in_minutes": 4,
            "ip_address": "52.166.108.141",
            "ip_tags": null,
            "ip_version": "IPv4",
            "location": "westeurope",
            "name": "web-nic-public-ip",
            "public_ip_prefix_id": null,
            "resource_group_name": "elli-test1",
            "reverse_fqdn": null,
            "sku": "Standard",
            "sku_tier": "Regional",
            "tags": null,
            "timeouts": null,
            "zones": null
          },
          "sensitive_attributes": [],
          "private": "eyJlMmJmYjczMC1lY2FhLTExZTYtOGY4OC0zNDM2M2JjN2M0YzAiOnsiY3JlYXRlIjoxODAwMDAwMDAwMDAwLCJkZWxldGUiOjE4MDAwMDAwMDAwMDAsInJlYWQiOjMwMDAwMDAwMDAwMCwidXBkYXRlIjoxODAwMDAwMDAwMDAwfX0="
        }
      ]
    },
    {
      "module": "module.network",
      "mode": "managed",
      "type": "azurerm_subnet",
      "name": "db",
      "provider": "provider[\"registry.terraform.io/hashicorp/azurerm\"]",
      "instances": [
        {
          "schema_version": 0,
          "attributes": {
            "address_prefixes": [
              "10.0.2.0/24"
            ],
            "default_outbound_access_enabled": true,
            "delegation": [],
            "enforce_private_link_endpoint_network_policies": false,
            "enforce_private_link_service_network_policies": false,
            "id": "/subscriptions/89fff956-c969-418e-aee9-1c6424ecbb1c/resourceGroups/elli-test1/providers/Microsoft.Network/virtualNetworks/vnet/subnets/db-subnet",
            "name": "db-subnet",
            "private_endpoint_network_policies": "Enabled",
            "private_endpoint_network_policies_enabled": true,
            "private_link_service_network_policies_enabled": true,
            "resource_group_name": "elli-test1",
            "service_endpoint_policy_ids": null,
            "service_endpoints": null,
            "timeouts": null,
            "virtual_network_name": "vnet"
          },
          "sensitive_attributes": [],
          "private": "eyJlMmJmYjczMC1lY2FhLTExZTYtOGY4OC0zNDM2M2JjN2M0YzAiOnsiY3JlYXRlIjoxODAwMDAwMDAwMDAwLCJkZWxldGUiOjE4MDAwMDAwMDAwMDAsInJlYWQiOjMwMDAwMDAwMDAwMCwidXBkYXRlIjoxODAwMDAwMDAwMDAwfX0=",
          "dependencies": [
            "module.network.azurerm_virtual_network.main"
          ]
        }
      ]
    },
    {
      "module": "module.network",
      "mode": "managed",
      "type": "azurerm_subnet",
      "name": "web",
      "provider": "provider[\"registry.terraform.io/hashicorp/azurerm\"]",
      "instances": [
        {
          "schema_version": 0,
          "attributes": {
            "address_prefixes": [
              "10.0.1.0/24"
            ],
            "default_outbound_access_enabled": true,
            "delegation": [],
            "enforce_private_link_endpoint_network_policies": false,
            "enforce_private_link_service_network_policies": false,
            "id": "/subscriptions/89fff956-c969-418e-aee9-1c6424ecbb1c/resourceGroups/elli-test1/providers/Microsoft.Network/virtualNetworks/vnet/subnets/web-subnet",
            "name": "web-subnet",
            "private_endpoint_network_policies": "Enabled",
            "private_endpoint_network_policies_enabled": true,
            "private_link_service_network_policies_enabled": true,
            "resource_group_name": "elli-test1",
            "service_endpoint_policy_ids": null,
            "service_endpoints": null,
            "timeouts": null,
            "virtual_network_name": "vnet"
          },
          "sensitive_attributes": [],
          "private": "eyJlMmJmYjczMC1lY2FhLTExZTYtOGY4OC0zNDM2M2JjN2M0YzAiOnsiY3JlYXRlIjoxODAwMDAwMDAwMDAwLCJkZWxldGUiOjE4MDAwMDAwMDAwMDAsInJlYWQiOjMwMDAwMDAwMDAwMCwidXBkYXRlIjoxODAwMDAwMDAwMDAwfX0=",
          "dependencies": [
            "module.network.azurerm_virtual_network.main"
          ]
        }
      ]
    },
    {
      "module": "module.network",
      "mode": "managed",
      "type": "azurerm_subnet_network_security_group_association",
      "name": "db_subnet_nsg",
      "provider": "provider[\"registry.terraform.io/hashicorp/azurerm\"]",
      "instances": [
        {
          "schema_version": 0,
          "attributes": {
            "id": "/subscriptions/89fff956-c969-418e-aee9-1c6424ecbb1c/resourceGroups/elli-test1/providers/Microsoft.Network/virtualNetworks/vnet/subnets/db-subnet",
            "network_security_group_id": "/subscriptions/89fff956-c969-418e-aee9-1c6424ecbb1c/resourceGroups/elli-test1/providers/Microsoft.Network/networkSecurityGroups/db-nsg",
            "subnet_id": "/subscriptions/89fff956-c969-418e-aee9-1c6424ecbb1c/resourceGroups/elli-test1/providers/Microsoft.Network/virtualNetworks/vnet/subnets/db-subnet",
            "timeouts": null
          },
          "sensitive_attributes": [],
          "private": "eyJlMmJmYjczMC1lY2FhLTExZTYtOGY4OC0zNDM2M2JjN2M0YzAiOnsiY3JlYXRlIjoxODAwMDAwMDAwMDAwLCJkZWxldGUiOjE4MDAwMDAwMDAwMDAsInJlYWQiOjMwMDAwMDAwMDAwMH19",
          "dependencies": [
            "module.network.azurerm_network_security_group.db_nsg",
            "module.network.azurerm_subnet.db",
            "module.network.azurerm_virtual_network.main"
          ]
        }
      ]
    },
    {
      "module": "module.network",
      "mode": "managed",
      "type": "azurerm_subnet_network_security_group_association",
      "name": "web_subnet_nsg",
      "provider": "provider[\"registry.terraform.io/hashicorp/azurerm\"]",
      "instances": [
        {
          "schema_version": 0,
          "attributes": {
            "id": "/subscriptions/89fff956-c969-418e-aee9-1c6424ecbb1c/resourceGroups/elli-test1/providers/Microsoft.Network/virtualNetworks/vnet/subnets/web-subnet",
            "network_security_group_id": "/subscriptions/89fff956-c969-418e-aee9-1c6424ecbb1c/resourceGroups/elli-test1/providers/Microsoft.Network/networkSecurityGroups/web-nsg",
            "subnet_id": "/subscriptions/89fff956-c969-418e-aee9-1c6424ecbb1c/resourceGroups/elli-test1/providers/Microsoft.Network/virtualNetworks/vnet/subnets/web-subnet",
            "timeouts": null
          },
          "sensitive_attributes": [],
          "private": "eyJlMmJmYjczMC1lY2FhLTExZTYtOGY4OC0zNDM2M2JjN2M0YzAiOnsiY3JlYXRlIjoxODAwMDAwMDAwMDAwLCJkZWxldGUiOjE4MDAwMDAwMDAwMDAsInJlYWQiOjMwMDAwMDAwMDAwMH19",
          "dependencies": [
            "module.network.azurerm_network_security_group.web_nsg",
            "module.network.azurerm_subnet.web",
            "module.network.azurerm_virtual_network.main"
          ]
        }
      ]
    },
    {
      "module": "module.network",
      "mode": "managed",
      "type": "azurerm_virtual_network",
      "name": "main",
      "provider": "provider[\"registry.terraform.io/hashicorp/azurerm\"]",
      "instances": [
        {
          "schema_version": 0,
          "attributes": {
            "address_space": [
              "10.0.0.0/16"
            ],
            "bgp_community": "",
            "ddos_protection_plan": [],
            "dns_servers": [],
            "edge_zone": "",
            "encryption": [],
            "flow_timeout_in_minutes": 0,
            "guid": "6ac0dead-1611-4000-866a-3fe8a8438cdb",
            "id": "/subscriptions/89fff956-c969-418e-aee9-1c6424ecbb1c/resourceGroups/elli-test1/providers/Microsoft.Network/virtualNetworks/vnet",
            "location": "westeurope",
            "name": "vnet",
            "resource_group_name": "elli-test1",
            "subnet": [],
            "tags": null,
            "timeouts": null
          },
          "sensitive_attributes": [],
          "private": "eyJlMmJmYjczMC1lY2FhLTExZTYtOGY4OC0zNDM2M2JjN2M0YzAiOnsiY3JlYXRlIjoxODAwMDAwMDAwMDAwLCJkZWxldGUiOjE4MDAwMDAwMDAwMDAsInJlYWQiOjMwMDAwMDAwMDAwMCwidXBkYXRlIjoxODAwMDAwMDAwMDAwfX0="
        }
      ]
    },
    {
      "module": "module.web_vm",
      "mode": "managed",
      "type": "azurerm_linux_virtual_machine",
      "name": "vm",
      "provider": "provider[\"registry.terraform.io/hashicorp/azurerm\"]",
      "instances": [
        {
          "index_key": 0,
          "schema_version": 0,
          "attributes": {
            "additional_capabilities": [],
            "admin_password": "CiAdm@1234",
            "admin_ssh_key": [],
            "admin_username": "azureadmin",
            "allow_extension_operations": true,
            "availability_set_id": "",
            "boot_diagnostics": [],
            "bypass_platform_safety_checks_on_user_schedule_enabled": false,
            "capacity_reservation_group_id": "",
            "computer_name": "web-vm-0",
            "custom_data": null,
            "dedicated_host_group_id": "",
            "dedicated_host_id": "",
            "disable_password_authentication": false,
            "disk_controller_type": "SCSI",
            "edge_zone": "",
            "encryption_at_host_enabled": false,
            "eviction_policy": "",
            "extensions_time_budget": "PT1H30M",
            "gallery_application": [],
            "id": "/subscriptions/89fff956-c969-418e-aee9-1c6424ecbb1c/resourceGroups/elli-test1/providers/Microsoft.Compute/virtualMachines/web-vm-0",
            "identity": [],
            "license_type": "",
            "location": "westeurope",
            "max_bid_price": -1,
            "name": "web-vm-0",
            "network_interface_ids": [
              "/subscriptions/89fff956-c969-418e-aee9-1c6424ecbb1c/resourceGroups/elli-test1/providers/Microsoft.Network/networkInterfaces/web"
            ],
            "os_disk": [
              {
                "caching": "ReadWrite",
                "diff_disk_settings": [],
                "disk_encryption_set_id": "",
                "disk_size_gb": 30,
                "name": "osdisk-web-vm-0",
                "secure_vm_disk_encryption_set_id": "",
                "security_encryption_type": "",
                "storage_account_type": "Standard_LRS",
                "write_accelerator_enabled": false
              }
            ],
            "os_image_notification": [],
            "patch_assessment_mode": "ImageDefault",
            "patch_mode": "ImageDefault",
            "plan": [],
            "platform_fault_domain": -1,
            "priority": "Regular",
            "private_ip_address": "10.0.1.4",
            "private_ip_addresses": [
              "10.0.1.4"
            ],
            "provision_vm_agent": true,
            "proximity_placement_group_id": "",
            "public_ip_address": "52.166.108.141",
            "public_ip_addresses": [
              "52.166.108.141"
            ],
            "reboot_setting": "",
            "resource_group_name": "elli-test1",
            "secret": [],
            "secure_boot_enabled": false,
            "size": "Standard_DS1_v2",
            "source_image_id": "",
            "source_image_reference": [
              {
                "offer": "UbuntuServer",
                "publisher": "Canonical",
                "sku": "18_04-daily-lts-gen2",
                "version": "latest"
              }
            ],
            "tags": null,
            "termination_notification": null,
            "timeouts": null,
            "user_data": "",
            "virtual_machine_id": "98d2bab0-9d93-4fe2-ad16-33fcfae20ed7",
            "virtual_machine_scale_set_id": "",
            "vm_agent_platform_updates_enabled": false,
            "vtpm_enabled": false,
            "zone": ""
          },
          "sensitive_attributes": [
            [
              {
                "type": "get_attr",
                "value": "admin_password"
              }
            ],
            [
              {
                "type": "get_attr",
                "value": "custom_data"
              }
            ]
          ],
          "private": "eyJlMmJmYjczMC1lY2FhLTExZTYtOGY4OC0zNDM2M2JjN2M0YzAiOnsiY3JlYXRlIjoyNzAwMDAwMDAwMDAwLCJkZWxldGUiOjI3MDAwMDAwMDAwMDAsInJlYWQiOjMwMDAwMDAwMDAwMCwidXBkYXRlIjoyNzAwMDAwMDAwMDAwfX0=",
          "dependencies": [
            "module.load_balancer.azurerm_lb.main",
            "module.network.azurerm_network_interface.web",
            "module.network.azurerm_public_ip.web_nic",
            "module.network.azurerm_subnet.db",
            "module.network.azurerm_subnet.web",
            "module.network.azurerm_virtual_network.main"
          ]
        }
      ]
    }
  ],
  "check_results": null
}
